
Microsoft Visual Studio Solution File, Format Version 12.00
# Visual Studio 2012
Project("{2150E333-8FDC-42A3-9474-1A3956D46DE8}") = ".nuget", ".nuget", "{0456A3E5-DBB3-42A1-A24C-F672476B45E6}"
	ProjectSection(SolutionItems) = preProject
		.nuget\NuGet.Config = .nuget\NuGet.Config
		.nuget\NuGet.exe = .nuget\NuGet.exe
		.nuget\NuGet.targets = .nuget\NuGet.targets
	EndProjectSection
EndProject
Project("{FAE04EC0-301F-11D3-BF4B-00C04F79EFBC}") = "UX", "UX\UX.csproj", "{A9FE85D5-53BB-4CCA-A2B6-4508D48BBF1D}"
EndProject
Project("{FAE04EC0-301F-11D3-BF4B-00C04F79EFBC}") = "Runtime", "Runtime\Runtime.csproj", "{976E02A9-DA43-4950-BE94-778F650E5944}"
EndProject
Project("{FAE04EC0-301F-11D3-BF4B-00C04F79EFBC}") = "DomainModel.Reservation", "DomainModel.Reservation\DomainModel.Reservation.csproj", "{51ED2932-367C-4306-9881-9AB6D0785D5A}"
EndProject
Project("{FAE04EC0-301F-11D3-BF4B-00C04F79EFBC}") = "DomainModel.Search", "DomainModel.Search\DomainModel.Search.csproj", "{066CB843-6C0F-4575-BD08-9FB7E3D2538B}"
EndProject
Project("{FAE04EC0-301F-11D3-BF4B-00C04F79EFBC}") = "Runtime.UnitTest", "Runtime.UnitTest\Runtime.UnitTest.csproj", "{0BD98736-B0E4-4346-85FD-74A6CD057DDE}"
EndProject
Global
	GlobalSection(SolutionConfigurationPlatforms) = preSolution
		Debug|Any CPU = Debug|Any CPU
		Release|Any CPU = Release|Any CPU
	EndGlobalSection
	GlobalSection(ProjectConfigurationPlatforms) = postSolution
		{A9FE85D5-53BB-4CCA-A2B6-4508D48BBF1D}.Debug|Any CPU.ActiveCfg = Debug|Any CPU
		{A9FE85D5-53BB-4CCA-A2B6-4508D48BBF1D}.Debug|Any CPU.Build.0 = Debug|Any CPU
		{A9FE85D5-53BB-4CCA-A2B6-4508D48BBF1D}.Release|Any CPU.ActiveCfg = Release|Any CPU
		{A9FE85D5-53BB-4CCA-A2B6-4508D48BBF1D}.Release|Any CPU.Build.0 = Release|Any CPU
		{976E02A9-DA43-4950-BE94-778F650E5944}.Debug|Any CPU.ActiveCfg = Debug|Any CPU
		{976E02A9-DA43-4950-BE94-778F650E5944}.Debug|Any CPU.Build.0 = Debug|Any CPU
		{976E02A9-DA43-4950-BE94-778F650E5944}.Release|Any CPU.ActiveCfg = Release|Any CPU
		{976E02A9-DA43-4950-BE94-778F650E5944}.Release|Any CPU.Build.0 = Release|Any CPU
		{51ED2932-367C-4306-9881-9AB6D0785D5A}.Debug|Any CPU.ActiveCfg = Debug|Any CPU
		{51ED2932-367C-4306-9881-9AB6D0785D5A}.Debug|Any CPU.Build.0 = Debug|Any CPU
		{51ED2932-367C-4306-9881-9AB6D0785D5A}.Release|Any CPU.ActiveCfg = Release|Any CPU
		{51ED2932-367C-4306-9881-9AB6D0785D5A}.Release|Any CPU.Build.0 = Release|Any CPU
		{066CB843-6C0F-4575-BD08-9FB7E3D2538B}.Debug|Any CPU.ActiveCfg = Debug|Any CPU
		{066CB843-6C0F-4575-BD08-9FB7E3D2538B}.Debug|Any CPU.Build.0 = Debug|Any CPU
		{066CB843-6C0F-4575-BD08-9FB7E3D2538B}.Release|Any CPU.ActiveCfg = Release|Any CPU
		{066CB843-6C0F-4575-BD08-9FB7E3D2538B}.Release|Any CPU.Build.0 = Release|Any CPU
		{0BD98736-B0E4-4346-85FD-74A6CD057DDE}.Debug|Any CPU.ActiveCfg = Debug|Any CPU
		{0BD98736-B0E4-4346-85FD-74A6CD057DDE}.Debug|Any CPU.Build.0 = Debug|Any CPU
		{0BD98736-B0E4-4346-85FD-74A6CD057DDE}.Release|Any CPU.ActiveCfg = Release|Any CPU
		{0BD98736-B0E4-4346-85FD-74A6CD057DDE}.Release|Any CPU.Build.0 = Release|Any CPU
	EndGlobalSection
	GlobalSection(SolutionProperties) = preSolution
		HideSolutionNode = FALSE
	EndGlobalSection
EndGlobal
